// !$*UTF8*$!
{
	archiveVersion = 1;
	classes = {
	};
	objectVersion = 50;
	objects = {

/* Begin PBXBuildFile section */
		1482A3E624236BA300BD4776 /* AppDelegate.swift in Sources */ = {isa = PBXBuildFile; fileRef = 1482A3E524236BA300BD4776 /* AppDelegate.swift */; };
		1482A3E824236BA300BD4776 /* SceneDelegate.swift in Sources */ = {isa = PBXBuildFile; fileRef = 1482A3E724236BA300BD4776 /* SceneDelegate.swift */; };
		1482A3ED24236BA300BD4776 /* Main.storyboard in Resources */ = {isa = PBXBuildFile; fileRef = 1482A3EB24236BA300BD4776 /* Main.storyboard */; };
		1482A3EF24236BA500BD4776 /* Assets.xcassets in Resources */ = {isa = PBXBuildFile; fileRef = 1482A3EE24236BA500BD4776 /* Assets.xcassets */; };
		1482A3F224236BA500BD4776 /* LaunchScreen.storyboard in Resources */ = {isa = PBXBuildFile; fileRef = 1482A3F024236BA500BD4776 /* LaunchScreen.storyboard */; };
		1482A3FA24236D8500BD4776 /* TaskListTableViewController.swift in Sources */ = {isa = PBXBuildFile; fileRef = 1482A3F924236D8500BD4776 /* TaskListTableViewController.swift */; };
		1482A3FC24236DC400BD4776 /* TasksTableViewController.swift in Sources */ = {isa = PBXBuildFile; fileRef = 1482A3FB24236DC400BD4776 /* TasksTableViewController.swift */; };
		1482A3FE24236E9F00BD4776 /* AlertController.swift in Sources */ = {isa = PBXBuildFile; fileRef = 1482A3FD24236E9F00BD4776 /* AlertController.swift */; };
/* End PBXBuildFile section */

/* Begin PBXFileReference section */
		1482A3E224236BA300BD4776 /* ReamApp.app */ = {isa = PBXFileReference; explicitFileType = wrapper.application; includeInIndex = 0; path = ReamApp.app; sourceTree = BUILT_PRODUCTS_DIR; };
		1482A3E524236BA300BD4776 /* AppDelegate.swift */ = {isa = PBXFileReference; lastKnownFileType = sourcecode.swift; path = AppDelegate.swift; sourceTree = "<group>"; };
		1482A3E724236BA300BD4776 /* SceneDelegate.swift */ = {isa = PBXFileReference; lastKnownFileType = sourcecode.swift; path = SceneDelegate.swift; sourceTree = "<group>"; };
		1482A3EC24236BA300BD4776 /* Base */ = {isa = PBXFileReference; lastKnownFileType = file.storyboard; name = Base; path = Base.lproj/Main.storyboard; sourceTree = "<group>"; };
		1482A3EE24236BA500BD4776 /* Assets.xcassets */ = {isa = PBXFileReference; lastKnownFileType = folder.assetcatalog; path = Assets.xcassets; sourceTree = "<group>"; };
		1482A3F124236BA500BD4776 /* Base */ = {isa = PBXFileReference; lastKnownFileType = file.storyboard; name = Base; path = Base.lproj/LaunchScreen.storyboard; sourceTree = "<group>"; };
		1482A3F324236BA500BD4776 /* Info.plist */ = {isa = PBXFileReference; lastKnownFileType = text.plist.xml; path = Info.plist; sourceTree = "<group>"; };
		1482A3F924236D8500BD4776 /* TaskListTableViewController.swift */ = {isa = PBXFileReference; lastKnownFileType = sourcecode.swift; path = TaskListTableViewController.swift; sourceTree = "<group>"; };
		1482A3FB24236DC400BD4776 /* TasksTableViewController.swift */ = {isa = PBXFileReference; lastKnownFileType = sourcecode.swift; path = TasksTableViewController.swift; sourceTree = "<group>"; };
		1482A3FD24236E9F00BD4776 /* AlertController.swift */ = {isa = PBXFileReference; lastKnownFileType = sourcecode.swift; path = AlertController.swift; sourceTree = "<group>"; };
/* End PBXFileReference section */

/* Begin PBXFrameworksBuildPhase section */
		1482A3DF24236BA300BD4776 /* Frameworks */ = {
			isa = PBXFrameworksBuildPhase;
			buildActionMask = 2147483647;
			files = (
			);
			runOnlyForDeploymentPostprocessing = 0;
		};
/* End PBXFrameworksBuildPhase section */

/* Begin PBXGroup section */
		1482A3D924236BA300BD4776 = {
			isa = PBXGroup;
			children = (
				1482A3E424236BA300BD4776 /* ReamApp */,
				1482A3E324236BA300BD4776 /* Products */,
			);
			sourceTree = "<group>";
		};
		1482A3E324236BA300BD4776 /* Products */ = {
			isa = PBXGroup;
			children = (
				1482A3E224236BA300BD4776 /* ReamApp.app */,
			);
			name = Products;
			sourceTree = "<group>";
		};
		1482A3E424236BA300BD4776 /* ReamApp */ = {
			isa = PBXGroup;
			children = (
				1482A3E524236BA300BD4776 /* AppDelegate.swift */,
				1482A3E724236BA300BD4776 /* SceneDelegate.swift */,
				1482A3EB24236BA300BD4776 /* Main.storyboard */,
				1482A3FF2423719500BD4776 /* ViewControllers */,
				1482A400242371AE00BD4776 /* Classes */,
				1482A3EE24236BA500BD4776 /* Assets.xcassets */,
				1482A3F024236BA500BD4776 /* LaunchScreen.storyboard */,
				1482A3F324236BA500BD4776 /* Info.plist */,
			);
			path = ReamApp;
			sourceTree = "<group>";
		};
		1482A3FF2423719500BD4776 /* ViewControllers */ = {
			isa = PBXGroup;
			children = (
				1482A3F924236D8500BD4776 /* TaskListTableViewController.swift */,
				1482A3FB24236DC400BD4776 /* TasksTableViewController.swift */,
			);
			path = ViewControllers;
			sourceTree = "<group>";
		};
		1482A400242371AE00BD4776 /* Classes */ = {
			isa = PBXGroup;
			children = (
				1482A3FD24236E9F00BD4776 /* AlertController.swift */,
			);
			path = Classes;
			sourceTree = "<group>";
		};
/* End PBXGroup section */

/* Begin PBXNativeTarget section */
		1482A3E124236BA300BD4776 /* ReamApp */ = {
			isa = PBXNativeTarget;
			buildConfigurationList = 1482A3F624236BA500BD4776 /* Build configuration list for PBXNativeTarget "ReamApp" */;
			buildPhases = (
				1482A3DE24236BA300BD4776 /* Sources */,
				1482A3DF24236BA300BD4776 /* Frameworks */,
				1482A3E024236BA300BD4776 /* Resources */,
			);
			buildRules = (
			);
			dependencies = (
			);
			name = ReamApp;
			productName = ReamApp;
			productReference = 1482A3E224236BA300BD4776 /* ReamApp.app */;
			productType = "com.apple.product-type.application";
		};
/* End PBXNativeTarget section */

/* Begin PBXProject section */
		1482A3DA24236BA300BD4776 /* Project object */ = {
			isa = PBXProject;
			attributes = {
				LastSwiftUpdateCheck = 1130;
				LastUpgradeCheck = 1130;
				ORGANIZATIONNAME = Inna;
				TargetAttributes = {
					1482A3E124236BA300BD4776 = {
						CreatedOnToolsVersion = 11.3.1;
					};
				};
			};
			buildConfigurationList = 1482A3DD24236BA300BD4776 /* Build configuration list for PBXProject "ReamApp" */;
			compatibilityVersion = "Xcode 9.3";
			developmentRegion = en;
			hasScannedForEncodings = 0;
			knownRegions = (
				en,
				Base,
			);
			mainGroup = 1482A3D924236BA300BD4776;
			productRefGroup = 1482A3E324236BA300BD4776 /* Products */;
			projectDirPath = "";
			projectRoot = "";
			targets = (
				1482A3E124236BA300BD4776 /* ReamApp */,
			);
		};
/* End PBXProject section */

/* Begin PBXResourcesBuildPhase section */
		1482A3E024236BA300BD4776 /* Resources */ = {
			isa = PBXResourcesBuildPhase;
			buildActionMask = 2147483647;
			files = (
				1482A3F224236BA500BD4776 /* LaunchScreen.storyboard in Resources */,
				1482A3EF24236BA500BD4776 /* Assets.xcassets in Resources */,
				1482A3ED24236BA300BD4776 /* Main.storyboard in Resources */,
			);
			runOnlyForDeploymentPostprocessing = 0;
		};
/* End PBXResourcesBuildPhase section */

/* Begin PBXSourcesBuildPhase section */
		1482A3DE24236BA300BD4776 /* Sources */ = {
			isa = PBXSourcesBuildPhase;
			buildActionMask = 2147483647;
			files = (
				1482A3FA24236D8500BD4776 /* TaskListTableViewController.swift in Sources */,
				1482A3FE24236E9F00BD4776 /* AlertController.swift in Sources */,
				1482A3E624236BA300BD4776 /* AppDelegate.swift in Sources */,
				1482A3FC24236DC400BD4776 /* TasksTableViewController.swift in Sources */,
				1482A3E824236BA300BD4776 /* SceneDelegate.swift in Sources */,
			);
			runOnlyForDeploymentPostprocessing = 0;
		};
/* End PBXSourcesBuildPhase section */

/* Begin PBXVariantGroup section */
		1482A3EB24236BA300BD4776 /* Main.storyboard */ = {
			isa = PBXVariantGroup;
			children = (
				1482A3EC24236BA300BD4776 /* Base */,
			);
			name = Main.storyboard;
			sourceTree = "<group>";
		};
		1482A3F024236BA500BD4776 /* LaunchScreen.storyboard */ = {
			isa = PBXVariantGroup;
			children = (
				1482A3F124236BA500BD4776 /* Base */,
			);
			name = LaunchScreen.storyboard;
			sourceTree = "<group>";
		};
/* End PBXVariantGroup section */

/* Begin XCBuildConfiguration section */
		1482A3F424236BA500BD4776 /* Debug */ = {
			isa = XCBuildConfiguration;
			buildSettings = {
				ALWAYS_SEARCH_USER_PATHS = NO;
				CLANG_ANALYZER_NONNULL = YES;
				CLANG_ANALYZER_NUMBER_OBJECT_CONVERSION = YES_AGGRESSIVE;
				CLANG_CXX_LANGUAGE_STANDARD = "gnu++14";
				CLANG_CXX_LIBRARY = "libc++";
				CLANG_ENABLE_MODULES = YES;
				CLANG_ENABLE_OBJC_ARC = YES;
				CLANG_ENABLE_OBJC_WEAK = YES;
				CLANG_WARN_BLOCK_CAPTURE_AUTORELEASING = YES;
				CLANG_WARN_BOOL_CONVERSION = YES;
				CLANG_WARN_COMMA = YES;
				CLANG_WARN_CONSTANT_CONVERSION = YES;
				CLANG_WARN_DEPRECATED_OBJC_IMPLEMENTATIONS = YES;
				CLANG_WARN_DIRECT_OBJC_ISA_USAGE = YES_ERROR;
				CLANG_WARN_DOCUMENTATION_COMMENTS = YES;
				CLANG_WARN_EMPTY_BODY = YES;
				CLANG_WARN_ENUM_CONVERSION = YES;
				CLANG_WARN_INFINITE_RECURSION = YES;
				CLANG_WARN_INT_CONVERSION = YES;
				CLANG_WARN_NON_LITERAL_NULL_CONVERSION = YES;
				CLANG_WARN_OBJC_IMPLICIT_RETAIN_SELF = YES;
				CLANG_WARN_OBJC_LITERAL_CONVERSION = YES;
				CLANG_WARN_OBJC_ROOT_CLASS = YES_ERROR;
				CLANG_WARN_RANGE_LOOP_ANALYSIS = YES;
				CLANG_WARN_STRICT_PROTOTYPES = YES;
				CLANG_WARN_SUSPICIOUS_MOVE = YES;
				CLANG_WARN_UNGUARDED_AVAILABILITY = YES_AGGRESSIVE;
				CLANG_WARN_UNREACHABLE_CODE = YES;
				CLANG_WARN__DUPLICATE_METHOD_MATCH = YES;
				COPY_PHASE_STRIP = NO;
				DEBUG_INFORMATION_FORMAT = dwarf;
				ENABLE_STRICT_OBJC_MSGSEND = YES;
				ENABLE_TESTABILITY = YES;
				GCC_C_LANGUAGE_STANDARD = gnu11;
				GCC_DYNAMIC_NO_PIC = NO;
				GCC_NO_COMMON_BLOCKS = YES;
				GCC_OPTIMIZATION_LEVEL = 0;
				GCC_PREPROCESSOR_DEFINITIONS = (
					"DEBUG=1",
					"$(inherited)",
				);
				GCC_WARN_64_TO_32_BIT_CONVERSION = YES;
				GCC_WARN_ABOUT_RETURN_TYPE = YES_ERROR;
				GCC_WARN_UNDECLARED_SELECTOR = YES;
				GCC_WARN_UNINITIALIZED_AUTOS = YES_AGGRESSIVE;
				GCC_WARN_UNUSED_FUNCTION = YES;
				GCC_WARN_UNUSED_VARIABLE = YES;
				IPHONEOS_DEPLOYMENT_TARGET = 13.2;
				MTL_ENABLE_DEBUG_INFO = INCLUDE_SOURCE;
				MTL_FAST_MATH = YES;
				ONLY_ACTIVE_ARCH = YES;
				SDKROOT = iphoneos;
				SWIFT_ACTIVE_COMPILATION_CONDITIONS = DEBUG;
				SWIFT_OPTIMIZATION_LEVEL = "-Onone";
			};
			name = Debug;
		};
		1482A3F524236BA500BD4776 /* Release */ = {
			isa = XCBuildConfiguration;
			buildSettings = {
				ALWAYS_SEARCH_USER_PATHS = NO;
				CLANG_ANALYZER_NONNULL = YES;
				CLANG_ANALYZER_NUMBER_OBJECT_CONVERSION = YES_AGGRESSIVE;
				CLANG_CXX_LANGUAGE_STANDARD = "gnu++14";
				CLANG_CXX_LIBRARY = "libc++";
				CLANG_ENABLE_MODULES = YES;
				CLANG_ENABLE_OBJC_ARC = YES;
				CLANG_ENABLE_OBJC_WEAK = YES;
				CLANG_WARN_BLOCK_CAPTURE_AUTORELEASING = YES;
				CLANG_WARN_BOOL_CONVERSION = YES;
				CLANG_WARN_COMMA = YES;
				CLANG_WARN_CONSTANT_CONVERSION = YES;
				CLANG_WARN_DEPRECATED_OBJC_IMPLEMENTATIONS = YES;
				CLANG_WARN_DIRECT_OBJC_ISA_USAGE = YES_ERROR;
				CLANG_WARN_DOCUMENTATION_COMMENTS = YES;
				CLANG_WARN_EMPTY_BODY = YES;
				CLANG_WARN_ENUM_CONVERSION = YES;
				CLANG_WARN_INFINITE_RECURSION = YES;
				CLANG_WARN_INT_CONVERSION = YES;
				CLANG_WARN_NON_LITERAL_NULL_CONVERSION = YES;
				CLANG_WARN_OBJC_IMPLICIT_RETAIN_SELF = YES;
				CLANG_WARN_OBJC_LITERAL_CONVERSION = YES;
				CLANG_WARN_OBJC_ROOT_CLASS = YES_ERROR;
				CLANG_WARN_RANGE_LOOP_ANALYSIS = YES;
				CLANG_WARN_STRICT_PROTOTYPES = YES;
				CLANG_WARN_SUSPICIOUS_MOVE = YES;
				CLANG_WARN_UNGUARDED_AVAILABILITY = YES_AGGRESSIVE;
				CLANG_WARN_UNREACHABLE_CODE = YES;
				CLANG_WARN__DUPLICATE_METHOD_MATCH = YES;
				COPY_PHASE_STRIP = NO;
				DEBUG_INFORMATION_FORMAT = "dwarf-with-dsym";
				ENABLE_NS_ASSERTIONS = NO;
				ENABLE_STRICT_OBJC_MSGSEND = YES;
				GCC_C_LANGUAGE_STANDARD = gnu11;
				GCC_NO_COMMON_BLOCKS = YES;
				GCC_WARN_64_TO_32_BIT_CONVERSION = YES;
				GCC_WARN_ABOUT_RETURN_TYPE = YES_ERROR;
				GCC_WARN_UNDECLARED_SELECTOR = YES;
				GCC_WARN_UNINITIALIZED_AUTOS = YES_AGGRESSIVE;
				GCC_WARN_UNUSED_FUNCTION = YES;
				GCC_WARN_UNUSED_VARIABLE = YES;
				IPHONEOS_DEPLOYMENT_TARGET = 13.2;
				MTL_ENABLE_DEBUG_INFO = NO;
				MTL_FAST_MATH = YES;
				SDKROOT = iphoneos;
				SWIFT_COMPILATION_MODE = wholemodule;
				SWIFT_OPTIMIZATION_LEVEL = "-O";
				VALIDATE_PRODUCT = YES;
			};
			name = Release;
		};
		1482A3F724236BA500BD4776 /* Debug */ = {
			isa = XCBuildConfiguration;
			buildSettings = {
				ASSETCATALOG_COMPILER_APPICON_NAME = AppIcon;
				CODE_SIGN_STYLE = Automatic;
				DEVELOPMENT_TEAM = DDCARHDN4A;
				INFOPLIST_FILE = ReamApp/Info.plist;
				LD_RUNPATH_SEARCH_PATHS = (
					"$(inherited)",
					"@executable_path/Frameworks",
				);
				PRODUCT_BUNDLE_IDENTIFIER = "-13.ReamApp";
				PRODUCT_NAME = "$(TARGET_NAME)";
				SWIFT_VERSION = 5.0;
				TARGETED_DEVICE_FAMILY = "1,2";
			};
			name = Debug;
		};
		1482A3F824236BA500BD4776 /* Release */ = {
			isa = XCBuildConfiguration;
			buildSettings = {
				ASSETCATALOG_COMPILER_APPICON_NAME = AppIcon;
				CODE_SIGN_STYLE = Automatic;
				DEVELOPMENT_TEAM = DDCARHDN4A;
				INFOPLIST_FILE = ReamApp/Info.plist;
				LD_RUNPATH_SEARCH_PATHS = (
					"$(inherited)",
					"@executable_path/Frameworks",
				);
				PRODUCT_BUNDLE_IDENTIFIER = "-13.ReamApp";
				PRODUCT_NAME = "$(TARGET_NAME)";
				SWIFT_VERSION = 5.0;
				TARGETED_DEVICE_FAMILY = "1,2";
			};
			name = Release;
		};
/* End XCBuildConfiguration section */

/* Begin XCConfigurationList section */
		1482A3DD24236BA300BD4776 /* Build configuration list for PBXProject "ReamApp" */ = {
			isa = XCConfigurationList;
			buildConfigurations = (
				1482A3F424236BA500BD4776 /* Debug */,
				1482A3F524236BA500BD4776 /* Release */,
			);
			defaultConfigurationIsVisible = 0;
			defaultConfigurationName = Release;
		};
		1482A3F624236BA500BD4776 /* Build configuration list for PBXNativeTarget "ReamApp" */ = {
			isa = XCConfigurationList;
			buildConfigurations = (
				1482A3F724236BA500BD4776 /* Debug */,
				1482A3F824236BA500BD4776 /* Release */,
			);
			defaultConfigurationIsVisible = 0;
			defaultConfigurationName = Release;
		};
/* End XCConfigurationList section */
	};
	rootObject = 1482A3DA24236BA300BD4776 /* Project object */;
}
